certifi==2026.5.20 --hash=sha256:3c52e209ba0a4ad7aebe60436a4ab349c39e1e602e8c134221e546902ad25897 --hash=sha256:69dea482ab64caa7b9f6aba1c6bf48bb6a5448d1c0f1b17ab42ad8c763a5344d
charset-normalizer==3.4.7 --hash=sha256:03853ed82eeebbce3c2abfdbc98c96dc205f32a79627688ac9a27370ea61a49c --hash=sha256:0c96c3b819b5c3e9e165495db84d41914d6894d55181d2d108cc1a69bfc9cce0 --hash=sha256:0ea948db76d31190bf08bd371623927ee1339d5f2a0b4b1b4a4439a65298703c --hash=sha256:1c2aed2e5e41f24ea8ef1590b8e848a79b56f3a5564a65ceec43c9d692dc7d8a --hash=sha256:2d6eb928e13016cea4f1f21d1e10c1cebd5a421bc57ddf5b1142ae3f86824fab --hash=sha256:3534e7dcbdcf757da6b85a0bbf5b6868786d5982dd959b065e65481644817a18 --hash=sha256:3946fa46a0cf3e4c8cb1cc52f56bb536310d34f25f01ca9b6c16afa767dab110 --hash=sha256:3bec022aec2c514d9cf199522a802bd007cd588ab17ab2525f20f9c34d067c18 --hash=sha256:3c9a494bc5ec77d43cea229c4f6db1e4d8fe7e1bbffa8b6f0f0032430ff8ab44 --hash=sha256:3dce51d0f5e7951f8bb4900c257dad282f49190fdbebecd4ba99bcc41fef404d --hash=sha256:3dedcc22d73ec993f42055eff4fcfed9318d1eeb9a6606c55892a26964964e48 --hash=sha256:4042d5c8f957e15221d423ba781e85d553722fc4113f523f2feb7b188cc34c5e --hash=sha256:481551899c856c704d58119b5025793fa6730adda3571971af568f66d2424bb5 --hash=sha256:54523e136b8948060c0fa0bc7b1b50c32c186f2fceee897a495406bb6e311d2b --hash=sha256:5b77459df20e08151cd6f8b9ef8ef1f961ef73d85c21a555c7eed5b79410ec10 --hash=sha256:64f02c6841d7d83f832cd97ccf8eb8a906d06eb95d5276069175c696b024b60a --hash=sha256:67f6279d125ca0046a7fd386d01b311c6363844deac3e5b069b514ba3e63c246 --hash=sha256:6c114670c45346afedc0d947faf3c7f701051d2518b943679c8ff88befe14f8e --hash=sha256:715479b9a2802ecac752a3b0efa2b0b60285cf962ee38414211abdfccc233b41 --hash=sha256:733784b6d6def852c814bce5f318d25da2ee65dd4839a0718641c696e09a2960 --hash=sha256:752a45dc4a6934060b3b0dab47e04edc3326575f82be64bc4fc293914566503e --hash=sha256:7579e913a5339fb8fa133f6bbcfd8e6749696206cf05acdbdca71a1b436d8e72 --hash=sha256:7804338df6fcc08105c7745f1502ba68d900f45fd770d5bdd5288ddccb8a42d8 --hash=sha256:80d04837f55fc81da168b98de4f4b797ef007fc8a79ab71c6ec9bc4dd662b15b --hash=sha256:8778f0c7a52e56f75d12dae53ae320fae900a8b9b4164b981b9c5ce059cd1fcb --hash=sha256:8d828b6667a32a728a1ad1d93957cdf37489c57b97ae6c4de2860fa749b8fc1e --hash=sha256:92a0a01ead5e668468e952e4238cccd7c537364eb7d851ab144ab6627dbbe12f --hash=sha256:a180c5e59792af262bf263b21a3c49353f25945d8d9f70628e73de370d55e1e1 --hash=sha256:a277ab8928b9f299723bc1a2dabb1265911b1a76341f90a510368ca44ad9ab66 --hash=sha256:a5fe03b42827c13cdccd08e6c0247b6a6d4b5e3cdc53fd1749f5896adcdc2356 --hash=sha256:a89c23ef8d2c6b27fd200a42aa4ac72786e7c60d40efdc76e6011260b6e949c4 --hash=sha256:ae89db9e5f98a11a4bf50407d4363e7b09b31e55bc117b4f7d80aab97ba009e5 --hash=sha256:bd6c2a1c7573c64738d716488d2cdd3c00e340e4835707d8fdb8dc1a66ef164e --hash=sha256:c03a41a8784091e67a39648f70c5f97b5b6a37f216896d44d2cdcb82615339a0 --hash=sha256:c35abb8bfff0185efac5878da64c45dafd2b37fb0383add1be155a763c1f083d --hash=sha256:c36c333c39be2dbca264d7803333c896ab8fa7d4d6f0ab7edb7dfd7aea6e98c0 --hash=sha256:c45e9440fb78f8ddabcf714b68f936737a121355bf59f3907f4e17721b9d1aae --hash=sha256:ce3412fbe1e31eb81ea42f4169ed94861c56e643189e1e75f0041f3fe7020abe --hash=sha256:cf1493cd8607bec4d8a7b9b004e699fcf8f9103a9284cc94962cb73d20f9d4a3 --hash=sha256:d6038d37043bced98a66e68d3aa2b6a35505dc01328cd65217cefe82f25def44 --hash=sha256:e044c39e41b92c845bc815e5ae4230804e8e7bc29e399b0437d64222d92809dd --hash=sha256:e712b419df8ba5e42b226c510472b37bd57b38e897d3eca5e8cfd410a29fa859 --hash=sha256:e74327fb75de8986940def6e8dee4f127cc9752bee7355bb323cc5b2659b6d46 --hash=sha256:e8ac484bf18ce6975760921bb6148041faa8fef0547200386ea0b52b5d27bf7b --hash=sha256:effc3f449787117233702311a1b7d8f59cba9ced946ba727bdc329ec69028e24 --hash=sha256:f495a1652cf3fbab2eb0639776dad966c2fb874d79d87ca07f9d5f059b8bd215 --hash=sha256:f496c9c3cc02230093d8330875c4c3cdfc3b73612a5fd921c65d39cbcef08063 --hash=sha256:f59099f9b66f0d7145115e6f80dd8b1d847176df89b234a5a6b3f00437aa0832 --hash=sha256:f59ad4c0e8f6bba240a9bb85504faa1ab438237199d4cce5f622761507b8f6a6 --hash=sha256:fbccdc05410c9ee21bbf16a35f4c1d16123dcdeb8a1d38f33654fa21d0234f79
idna==3.17 --hash=sha256:466e48829084efe2548012b855df21540b96f2e20e51bd124c851536556a592c --hash=sha256:5eb0cb53bc467c12eadcf6de83163ad8527cec9416f44b9b61b19caedad2b87f
jplephem==2.24 --hash=sha256:2de15608a0f13010a71a0a8af8765646d5884402006dac0dd7639d7db13629ac --hash=sha256:354fe1adae022264ab46f18afb6af26211277cfd7b3ef90400755fcabe93bc11
numpy==2.4.6 --hash=sha256:043191bfa8eab18c776647b62723ac9dddece59743b13f49b2016094129c2b3f --hash=sha256:06ca2f61ec4385a07a6977c55ba998a4466c123642b4a32694d3128fce18c079 --hash=sha256:0a041d3d761dc3c35cc56ce0351506a02bcbc25f7b169f652435141a17db9096 --hash=sha256:0c9136e14ed34a9e343a31c533d78a9813a69a3148332bce5e9821cb2f996e66 --hash=sha256:112b06a867b235ef466ed3508ddf0238050df9c727cafb5301ac385b899189a1 --hash=sha256:17f9ade344e7d9b464a084d69bcf18fc691cb1db67c62ed80820bf4926d78f0e --hash=sha256:1e978ec1e8bd0e0e4de6bb75de9d30cbb74db6b6a2bb727618613703ca0167dd --hash=sha256:25c692919ac5a01f170a3bfcd62d745b24fd095c353d50812637d6fcab442e75 --hash=sha256:260a5d70215b61ab4fadf5c7baacd64821842975eea312125ed3c39a6391b063 --hash=sha256:29a287e0cf63ff528da061de6b9f64a4618da591ca1046aafc54062e40ca7eab --hash=sha256:29cb7f67d10b479ff07c17d33e39f78c07f71c40ef30d63c153d340e96cd3fb4 --hash=sha256:33111801a01c12a8a1e3721f0a9232f8cfc8ae2c6b7098167e6f623c6073f402 --hash=sha256:38efbc8de75c7a0fc1ac190162d892787f3f47b57cc291231aafee36b80982b7 --hash=sha256:40fdc1ae7125e518ea98e53e69a4ebc27e1fd50510c47b7ea130cf21e5e1d42b --hash=sha256:511dbaf848decaaaf4b4ca48032619fb3138710c4bf7da7617765edad1ef96b0 --hash=sha256:56b39e5e0622a09a25bf5baf62f4bcf0cb8a41ae6e2819cf49bbc5a74c083f91 --hash=sha256:6180d8b35af935aed8ece3a85e0a43f87393ae0ac87c8d2c8bd2c993f7270ef3 --hash=sha256:68bb27509ac1b9a3443094260f6326150663b06abe40b73a2f81160623da5b67 --hash=sha256:6f41ae150c4e32db4f3310cdaf64b1593a03dbabe29eec77fc9b50fe64061df6 --hash=sha256:7265a2f3d436e54ef9f2b52b5c937e6be778781bd97a590319d7348f1c1ca997 --hash=sha256:72fbe16c6fac95aedf5937fa873445cec2110be35d8a4e9433d7501fd98dae6b --hash=sha256:7d92c3819208a60205a12a245c91ad70cb0a85336659b19b834205573ac8456e --hash=sha256:81a1cca95ed5bb92aa8b10dd2cdc9a0d3853a50fad926c28b5d7e8ea54389627 --hash=sha256:9cd5ffd25db4e7ba6a375693b3fc0fc1791ec636c17db3720da19bde7180ec43 --hash=sha256:a0df0043bdb289bde1f62da130d20df23d58b45429f752bc7a8fc5325a225ecd --hash=sha256:a2c306dea656c12c68f51f4cea133cbe78ca7435eb28c735eac1d3ebe73be6e8 --hash=sha256:a7830bab239b79cda9c08c2da014761cafb48da6150e1da17ac06283f43b6089 --hash=sha256:a7c711e21628b52034bb5ab8d1bce291f752fcc5e92accc615778acee1ff4778 --hash=sha256:aaf159caa35993cb1f56fb9b8e4610d35758e7ca005412eb1daa856a78c9c4b1 --hash=sha256:ae506e6902902557576a26ff33eda8695e7ecb3cb36c3b573a0765dee114ebdb --hash=sha256:b507f5c4c1d508876d1819b6bf9a49d365b96320b5d4993426b33a23ca4b8261 --hash=sha256:bf162abab1c1a736333192707cef898e735a5ca00f38f27eeedf44b39d9e85eb --hash=sha256:c4fc99836233ea196540b17ab0983aff60ed07941751930f5f4d05bc3b3b7359 --hash=sha256:d581b735e177fdcdce6fed8e7e8880a3fb6ee4e3653a3ac6af01c6f4c03effc5 --hash=sha256:dfa20cc6ca228e6b155b11da03825975ce66aea520985dbbddf0f2a5a495c605 --hash=sha256:e3e5193ef5a3dc73bceee50f7fdc2c90dbb76c42df8d8fae3d1067a583df579e --hash=sha256:e85b752a1e912b70eaad4fafbd4d1238007ab221de2009b9a2f5ae7461239895 --hash=sha256:eaf7fa2de5c0be8ae6ff8e9bea2ccd725e980541244521d8d4b5f3354a27babe --hash=sha256:ece3d2cfe132e7d51f44a832b303895e6f2d499c5e74dfbdb06ee246147a304a --hash=sha256:ede83e07a75dd06bc501566c1eca2afc0d61677c1472ac9ad93fdee6e638a48d --hash=sha256:ef4aea96ce4d3b074422cb4f2f64e216bf9e213004bb58ecfdf50ea02ea8eb9a --hash=sha256:f3a3570c4a2a16746ac2c31a7c7c7b0c186b95ce902e33db6f28094ed7387dda --hash=sha256:f74a575920ab21fe304421a3fc28793d82e299cae9eccb37084e9fc7f3617c20
requests==2.34.2 --hash=sha256:2a0d60c172f83ac6ab31e4554906c0f3b3588d37b5cb939b1c061f4907e278e0 --hash=sha256:f288924cae4e29463698d6d60bc6a4da69c89185ad1e0bcc4104f584e960b9ed
urllib3==2.7.0 --hash=sha256:231e0ec3b63ceb14667c67be60f2f2c40a518cb38b03af60abc813da26505f4c --hash=sha256:9fb4c81ebbb1ce9531cce37674bbc6f1360472bc18ca9a553ede278ef7276897
